
Microsoft Visual Studio Solution File, Format Version 12.00
# Visual Studio 14
VisualStudioVersion = 14.0.23107.0
MinimumVisualStudioVersion = 10.0.40219.1
Project("{F088123C-0E9E-452A-89E6-6BA2F21D5CAC}") = "Övningsuppgift Lektion 3 OOAD", "Övningsuppgift Lektion 3 OOAD\Övningsuppgift Lektion 3 OOAD.modelproj", "{68B12269-BFFF-495B-988C-C1F5A53B12B4}"
EndProject
Project("{2150E333-8FDC-42A3-9474-1A3956D46DE8}") = "Solution Items", "Solution Items", "{B0F5C395-1A67-4169-AFF6-13C9AA4EEF74}"
	ProjectSection(SolutionItems) = preProject
		TextFile1.txt = TextFile1.txt
	EndProjectSection
EndProject
Global
	GlobalSection(SolutionConfigurationPlatforms) = preSolution
		Debug|Any CPU = Debug|Any CPU
		Release|Any CPU = Release|Any CPU
	EndGlobalSection
	GlobalSection(ProjectConfigurationPlatforms) = postSolution
		{68B12269-BFFF-495B-988C-C1F5A53B12B4}.Debug|Any CPU.ActiveCfg = Debug|Any CPU
		{68B12269-BFFF-495B-988C-C1F5A53B12B4}.Debug|Any CPU.Build.0 = Debug|Any CPU
		{68B12269-BFFF-495B-988C-C1F5A53B12B4}.Release|Any CPU.ActiveCfg = Release|Any CPU
		{68B12269-BFFF-495B-988C-C1F5A53B12B4}.Release|Any CPU.Build.0 = Release|Any CPU
	EndGlobalSection
	GlobalSection(SolutionProperties) = preSolution
		HideSolutionNode = FALSE
	EndGlobalSection
EndGlobal
